<?xml version="1.0" encoding="utf-8"?>
<Project ToolsVersion="4.0" xmlns="http://schemas.microsoft.com/developer/msbuild/2003">
  <ItemGroup>
    <Filter Include="Source Files">
      <UniqueIdentifier>{4FC737F1-C7A5-4376-A066-2A32D752A2FF}</UniqueIdentifier>
      <Extensions>cpp;c;cc;cxx;c++;cppm;ixx;def;odl;idl;hpj;bat;asm;asmx</Extensions>
    </Filter>
    <Filter Include="Header Files">
      <UniqueIdentifier>{93995380-89BD-4b04-88EB-625FBE52EBFB}</UniqueIdentifier>
      <Extensions>h;hh;hpp;hxx;h++;hm;inl;inc;ipp;xsd</Extensions>
    </Filter>
    <Filter Include="Resource Files">
      <UniqueIdentifier>{67DA6AB6-F800-4c08-8B7A-83BB121AAD01}</UniqueIdentifier>
      <Extensions>rc;ico;cur;bmp;dlg;rc2;rct;bin;rgs;gif;jpg;jpeg;jpe;resx;tiff;tif;png;wav;mfcribbon-ms</Extensions>
    </Filter>
  </ItemGroup>
  <ItemGroup>
    <ClCompile Include="..\src\main.c">
      <Filter>Source Files</Filter>
    </ClCompile>
    <ClCompile Include="..\src\level1.c">
      <Filter>Source Files</Filter>
    </ClCompile>
    <ClCompile Include="..\src\mainmenu.c">
      <Filter>Source Files</Filter>
    </ClCompile>
    <ClCompile Include="..\src\utils.c">
      <Filter>Source Files</Filter>
    </ClCompile>
    <ClCompile Include="..\src\movement.c">
      <Filter>Source Files</Filter>
    </ClCompile>
    <ClCompile Include="..\src\map.c">
      <Filter>Source Files</Filter>
    </ClCompile>
    <ClCompile Include="..\src\spawn.c">
      <Filter>Source Files</Filter>
    </ClCompile>
    <ClCompile Include="..\src\splashScreen.c">
      <Filter>Source Files</Filter>
    </ClCompile>
    <ClCompile Include="..\src\characterSelect.c">
      <Filter>Source Files</Filter>
    </ClCompile>
    <ClCompile Include="..\src\Howtoplay.c">
      <Filter>Source Files</Filter>
    </ClCompile>
    <ClCompile Include="..\src\combat.c">
      <Filter>Source Files</Filter>
    </ClCompile>
    <ClCompile Include="..\src\loadingScreen.c">
      <Filter>Source Files</Filter>
    </ClCompile>
    <ClCompile Include="..\src\button.c">
      <Filter>Source Files</Filter>
    </ClCompile>
    <ClCompile Include="..\src\gameOverpage.c">
      <Filter>Source Files</Filter>
    </ClCompile>
    <ClCompile Include="..\src\level2.c">
      <Filter>Source Files</Filter>
    </ClCompile>
    <ClCompile Include="..\src\level3.c">
      <Filter>Source Files</Filter>
    </ClCompile>
    <ClCompile Include="..\src\level4.c">
      <Filter>Source Files</Filter>
    </ClCompile>
    <ClCompile Include="..\src\win.c">
      <Filter>Source Files</Filter>
    </ClCompile>
    <ClCompile Include="..\src\leaderboard.c">
      <Filter>Source Files</Filter>
    </ClCompile>
    <ClCompile Include="..\src\credits.c">
      <Filter>Source Files</Filter>
    </ClCompile>
    <ClCompile Include="..\src\credits_2.c">
      <Filter>Source Files</Filter>
    </ClCompile>
    <ClCompile Include="..\src\credits_3.c">
      <Filter>Source Files</Filter>
    </ClCompile>
    <ClCompile Include="..\src\credits_4.c">
      <Filter>Source Files</Filter>
    </ClCompile>
    <ClCompile Include="..\src\leaderboard_2.c">
      <Filter>Source Files</Filter>
    </ClCompile>
  </ItemGroup>
  <ItemGroup>
    <ClInclude Include="..\Extern\CProcessing\inc\cprocessing.h">
      <Filter>Header Files</Filter>
    </ClInclude>
    <ClInclude Include="..\Extern\CProcessing\inc\cprocessing_common.h">
      <Filter>Header Files</Filter>
    </ClInclude>
    <ClInclude Include="..\src\level1.h">
      <Filter>Header Files</Filter>
    </ClInclude>
    <ClInclude Include="..\src\mainmenu.h">
      <Filter>Header Files</Filter>
    </ClInclude>
    <ClInclude Include="..\src\utils.h">
      <Filter>Header Files</Filter>
    </ClInclude>
    <ClInclude Include="..\src\spawn.h">
      <Filter>Header Files</Filter>
    </ClInclude>
    <ClInclude Include="..\src\movement.h">
      <Filter>Header Files</Filter>
    </ClInclude>
    <ClInclude Include="..\src\map.h">
      <Filter>Header Files</Filter>
    </ClInclude>
    <ClInclude Include="..\src\splashScreen.h">
      <Filter>Header Files</Filter>
    </ClInclude>
    <ClInclude Include="..\src\characterSelect.h">
      <Filter>Header Files</Filter>
    </ClInclude>
    <ClInclude Include="..\src\Howtoplay.h">
      <Filter>Header Files</Filter>
    </ClInclude>
    <ClInclude Include="..\src\combat.h">
      <Filter>Header Files</Filter>
    </ClInclude>
    <ClInclude Include="..\src\loadingScreen.h">
      <Filter>Header Files</Filter>
    </ClInclude>
    <ClInclude Include="..\src\button.h">
      <Filter>Header Files</Filter>
    </ClInclude>
    <ClInclude Include="..\src\gameOverpage.h">
      <Filter>Header Files</Filter>
    </ClInclude>
    <ClInclude Include="..\src\level2.h">
      <Filter>Header Files</Filter>
    </ClInclude>
    <ClInclude Include="..\src\level3.h">
      <Filter>Header Files</Filter>
    </ClInclude>
    <ClInclude Include="..\src\global.h">
      <Filter>Header Files</Filter>
    </ClInclude>
    <ClInclude Include="..\src\level4.h">
      <Filter>Header Files</Filter>
    </ClInclude>
    <ClInclude Include="..\src\win.h">
      <Filter>Header Files</Filter>
    </ClInclude>
    <ClInclude Include="..\src\leaderboard.h">
      <Filter>Header Files</Filter>
    </ClInclude>
    <ClInclude Include="..\src\credits.h">
      <Filter>Header Files</Filter>
    </ClInclude>
    <ClInclude Include="..\src\credits_2.h">
      <Filter>Header Files</Filter>
    </ClInclude>
    <ClInclude Include="..\src\credits_3.h">
      <Filter>Header Files</Filter>
    </ClInclude>
    <ClInclude Include="..\src\credits_4.h">
      <Filter>Header Files</Filter>
    </ClInclude>
    <ClInclude Include="..\src\leaderboard_2.h">
      <Filter>Header Files</Filter>
    </ClInclude>
  </ItemGroup>
</Project>